
Microsoft Visual Studio Solution File, Format Version 12.00
# Visual Studio Version 17
VisualStudioVersion = 17.1.32228.430
MinimumVisualStudioVersion = 10.0.40219.1
Project("{FAE04EC0-301F-11D3-BF4B-00C04F79EFBC}") = "KenKata.WebApp", "KenKata.WebApp\KenKata.WebApp.csproj", "{9C9E86AC-74E2-4E9B-9957-6148FC73AC49}"
EndProject
Project("{FAE04EC0-301F-11D3-BF4B-00C04F79EFBC}") = "KenKata.Shared", "KenKata.Shared\KenKata.Shared.csproj", "{32BD8419-EA78-466A-95C5-FBD4F7A6EFF8}"
EndProject
Project("{FAE04EC0-301F-11D3-BF4B-00C04F79EFBC}") = "KenKata.WebApp.Tests", "KenKata.WebApp.Tests\KenKata.WebApp.Tests.csproj", "{650C0022-72C3-46B3-AA11-A5072C174586}"
EndProject
Global
	GlobalSection(SolutionConfigurationPlatforms) = preSolution
		Debug|Any CPU = Debug|Any CPU
		Release|Any CPU = Release|Any CPU
	EndGlobalSection
	GlobalSection(ProjectConfigurationPlatforms) = postSolution
		{9C9E86AC-74E2-4E9B-9957-6148FC73AC49}.Debug|Any CPU.ActiveCfg = Debug|Any CPU
		{9C9E86AC-74E2-4E9B-9957-6148FC73AC49}.Debug|Any CPU.Build.0 = Debug|Any CPU
		{9C9E86AC-74E2-4E9B-9957-6148FC73AC49}.Release|Any CPU.ActiveCfg = Release|Any CPU
		{9C9E86AC-74E2-4E9B-9957-6148FC73AC49}.Release|Any CPU.Build.0 = Release|Any CPU
		{32BD8419-EA78-466A-95C5-FBD4F7A6EFF8}.Debug|Any CPU.ActiveCfg = Debug|Any CPU
		{32BD8419-EA78-466A-95C5-FBD4F7A6EFF8}.Debug|Any CPU.Build.0 = Debug|Any CPU
		{32BD8419-EA78-466A-95C5-FBD4F7A6EFF8}.Release|Any CPU.ActiveCfg = Release|Any CPU
		{32BD8419-EA78-466A-95C5-FBD4F7A6EFF8}.Release|Any CPU.Build.0 = Release|Any CPU
		{650C0022-72C3-46B3-AA11-A5072C174586}.Debug|Any CPU.ActiveCfg = Debug|Any CPU
		{650C0022-72C3-46B3-AA11-A5072C174586}.Debug|Any CPU.Build.0 = Debug|Any CPU
		{650C0022-72C3-46B3-AA11-A5072C174586}.Release|Any CPU.ActiveCfg = Release|Any CPU
		{650C0022-72C3-46B3-AA11-A5072C174586}.Release|Any CPU.Build.0 = Release|Any CPU
	EndGlobalSection
	GlobalSection(SolutionProperties) = preSolution
		HideSolutionNode = FALSE
	EndGlobalSection
	GlobalSection(ExtensibilityGlobals) = postSolution
		SolutionGuid = {037DBB2A-4A4F-4DA2-BB2F-BF5283064A65}
	EndGlobalSection
EndGlobal
